
Microsoft Visual Studio Solution File, Format Version 12.00
# Visual Studio Version 17
VisualStudioVersion = 17.9.34701.34
MinimumVisualStudioVersion = 10.0.40219.1
Project("{8BC9CEB8-8B4A-11D0-8D11-00A0C91BC942}") = "one-dimensional array of 100 numbers, recursion", "one-dimensional array of 100 numbers, recursion\one-dimensional array of 100 numbers, recursion.vcxproj", "{CDD05CC4-21E6-4A15-95EA-08256623505F}"
EndProject
Global
	GlobalSection(SolutionConfigurationPlatforms) = preSolution
		Debug|x64 = Debug|x64
		Debug|x86 = Debug|x86
		Release|x64 = Release|x64
		Release|x86 = Release|x86
	EndGlobalSection
	GlobalSection(ProjectConfigurationPlatforms) = postSolution
		{CDD05CC4-21E6-4A15-95EA-08256623505F}.Debug|x64.ActiveCfg = Debug|x64
		{CDD05CC4-21E6-4A15-95EA-08256623505F}.Debug|x64.Build.0 = Debug|x64
		{CDD05CC4-21E6-4A15-95EA-08256623505F}.Debug|x86.ActiveCfg = Debug|Win32
		{CDD05CC4-21E6-4A15-95EA-08256623505F}.Debug|x86.Build.0 = Debug|Win32
		{CDD05CC4-21E6-4A15-95EA-08256623505F}.Release|x64.ActiveCfg = Release|x64
		{CDD05CC4-21E6-4A15-95EA-08256623505F}.Release|x64.Build.0 = Release|x64
		{CDD05CC4-21E6-4A15-95EA-08256623505F}.Release|x86.ActiveCfg = Release|Win32
		{CDD05CC4-21E6-4A15-95EA-08256623505F}.Release|x86.Build.0 = Release|Win32
	EndGlobalSection
	GlobalSection(SolutionProperties) = preSolution
		HideSolutionNode = FALSE
	EndGlobalSection
	GlobalSection(ExtensibilityGlobals) = postSolution
		SolutionGuid = {FAF062EF-124B-4278-9383-120A68370A38}
	EndGlobalSection
EndGlobal
